{
  "name": "hello-world",
  "lockfileVersion": 2,
  "requires": true,
  "packages": {
    "": {
      "dependencies": {
        "chalk": "^5.0.1",
        "lodash": "^4.17.21"
      },
      "devDependencies": {
        "@types/lodash": "^4.14.183"
      }
    },
    "node_modules/@types/lodash": {
      "version": "4.14.183",
      "resolved": "https://registry.npmjs.org/@types/lodash/-/lodash-4.14.183.tgz",
      "integrity": "sha512-UXavyuxzXKMqJPEpFPri6Ku5F9af6ZJXUneHhvQJxavrEjuHkFp2YnDWHcxJiG7hk8ZkWqjcyNeW1s/smZv5cw==",
      "dev": true
    },
    "node_modules/chalk": {
      "version": "5.0.1",
      "resolved": "https://registry.npmjs.org/chalk/-/chalk-5.0.1.tgz",
      "integrity": "sha512-Fo07WOYGqMfCWHOzSXOt2CxDbC6skS/jO9ynEcmpANMoPrD+W1r1K6Vx7iNm+AQmETU1Xr2t+n8nzkV9t6xh3w==",
      "engines": {
        "node": "^12.17.0 || ^14.13 || >=16.0.0"
      },
      "funding": {
        "url": "https://github.com/chalk/chalk?sponsor=1"
      }
    },
    "node_modules/lodash": {
      "version": "4.17.21",
      "resolved": "https://registry.npmjs.org/lodash/-/lodash-4.17.21.tgz",
      "integrity": "sha512-v2kDEe57lecTulaDIuNTPy3Ry4gLGJ6Z1O3vE1krgXZNrsQ+LFTGHVxVjcXPs17LhbZVGedAJv8XZ1tvj5FvSg=="
    }
  },
  "dependencies": {
    "@types/lodash": {
      "version": "4.14.183",
      "resolved": "https://registry.npmjs.org/@types/lodash/-/lodash-4.14.183.tgz",
      "integrity": "sha512-UXavyuxzXKMqJPEpFPri6Ku5F9af6ZJXUneHhvQJxavrEjuHkFp2YnDWHcxJiG7hk8ZkWqjcyNeW1s/smZv5cw==",
      "dev": true
    },
    "chalk": {
      "version": "5.0.1",
      "resolved": "https://registry.npmjs.org/chalk/-/chalk-5.0.1.tgz",
      "integrity": "sha512-Fo07WOYGqMfCWHOzSXOt2CxDbC6skS/jO9ynEcmpANMoPrD+W1r1K6Vx7iNm+AQmETU1Xr2t+n8nzkV9t6xh3w=="
    },
    "lodash": {
      "version": "4.17.21",
      "resolved": "https://registry.npmjs.org/lodash/-/lodash-4.17.21.tgz",
      "integrity": "sha512-v2kDEe57lecTulaDIuNTPy3Ry4gLGJ6Z1O3vE1krgXZNrsQ+LFTGHVxVjcXPs17LhbZVGedAJv8XZ1tvj5FvSg=="
    }
  }
}
